
Microsoft Visual Studio Solution File, Format Version 12.00
# Visual Studio Version 17
VisualStudioVersion = 17.2.32602.215
MinimumVisualStudioVersion = 10.0.40219.1
Project("{FAE04EC0-301F-11D3-BF4B-00C04F79EFBC}") = "VPE_Ranger", "VPE_Ranger.csproj", "{33A83AA6-4122-4077-B60A-A5069E5DF7E9}"
EndProject
Global
	GlobalSection(SolutionConfigurationPlatforms) = preSolution
		Debug|Any CPU = Debug|Any CPU
		Release|Any CPU = Release|Any CPU
	EndGlobalSection
	GlobalSection(ProjectConfigurationPlatforms) = postSolution
		{33A83AA6-4122-4077-B60A-A5069E5DF7E9}.Debug|Any CPU.ActiveCfg = Debug|Any CPU
		{33A83AA6-4122-4077-B60A-A5069E5DF7E9}.Debug|Any CPU.Build.0 = Debug|Any CPU
		{33A83AA6-4122-4077-B60A-A5069E5DF7E9}.Release|Any CPU.ActiveCfg = Release|Any CPU
		{33A83AA6-4122-4077-B60A-A5069E5DF7E9}.Release|Any CPU.Build.0 = Release|Any CPU
	EndGlobalSection
	GlobalSection(SolutionProperties) = preSolution
		HideSolutionNode = FALSE
	EndGlobalSection
	GlobalSection(ExtensibilityGlobals) = postSolution
		SolutionGuid = {3EE1B69F-FA93-419E-939B-758F767D0E9F}
	EndGlobalSection
EndGlobal
